
Microsoft Visual Studio Solution File, Format Version 12.00
# Visual Studio Version 17
VisualStudioVersion = 17.3.32811.315
MinimumVisualStudioVersion = 10.0.40219.1
Project("{F2A71F9B-5D33-465A-A702-920D77279786}") = "eTickets", "myETickets\eTickets.fsproj", "{6398E0B8-1777-41F0-BE30-BF41EA100F5C}"
EndProject
Global
	GlobalSection(SolutionConfigurationPlatforms) = preSolution
		Debug|Any CPU = Debug|Any CPU
		Release|Any CPU = Release|Any CPU
	EndGlobalSection
	GlobalSection(ProjectConfigurationPlatforms) = postSolution
		{6398E0B8-1777-41F0-BE30-BF41EA100F5C}.Debug|Any CPU.ActiveCfg = Debug|Any CPU
		{6398E0B8-1777-41F0-BE30-BF41EA100F5C}.Debug|Any CPU.Build.0 = Debug|Any CPU
		{6398E0B8-1777-41F0-BE30-BF41EA100F5C}.Release|Any CPU.ActiveCfg = Release|Any CPU
		{6398E0B8-1777-41F0-BE30-BF41EA100F5C}.Release|Any CPU.Build.0 = Release|Any CPU
	EndGlobalSection
	GlobalSection(SolutionProperties) = preSolution
		HideSolutionNode = FALSE
	EndGlobalSection
	GlobalSection(ExtensibilityGlobals) = postSolution
		SolutionGuid = {E08C6CE0-6725-4A78-AE38-BE49EA18B28E}
	EndGlobalSection
EndGlobal
